// !$*UTF8*$!
{
	archiveVersion = 1;
	classes = {
	};
	objectVersion = 55;
	objects = {

/* Begin PBXBuildFile section */
		47EC4D912A2CD4C3003F8CFD /* EmoRecAppApp.swift in Sources */ = {isa = PBXBuildFile; fileRef = 47EC4D902A2CD4C3003F8CFD /* EmoRecAppApp.swift */; };
		47EC4D932A2CD4C3003F8CFD /* ContentView.swift in Sources */ = {isa = PBXBuildFile; fileRef = 47EC4D922A2CD4C3003F8CFD /* ContentView.swift */; };
		47EC4D952A2CD4C4003F8CFD /* Assets.xcassets in Resources */ = {isa = PBXBuildFile; fileRef = 47EC4D942A2CD4C4003F8CFD /* Assets.xcassets */; };
		47EC4D982A2CD4C4003F8CFD /* Preview Assets.xcassets in Resources */ = {isa = PBXBuildFile; fileRef = 47EC4D972A2CD4C4003F8CFD /* Preview Assets.xcassets */; };
		47EC4D9F2A2CD4E5003F8CFD /* DetectView.swift in Sources */ = {isa = PBXBuildFile; fileRef = 47EC4D9E2A2CD4E5003F8CFD /* DetectView.swift */; };
		47EC4DA12A2CD4F3003F8CFD /* Utils.swift in Sources */ = {isa = PBXBuildFile; fileRef = 47EC4DA02A2CD4F3003F8CFD /* Utils.swift */; };
		47EC4DA32A2CD506003F8CFD /* PracticeView.swift in Sources */ = {isa = PBXBuildFile; fileRef = 47EC4DA22A2CD506003F8CFD /* PracticeView.swift */; };
		47EC4DA52A2CD513003F8CFD /* SettingsView.swift in Sources */ = {isa = PBXBuildFile; fileRef = 47EC4DA42A2CD513003F8CFD /* SettingsView.swift */; };
/* End PBXBuildFile section */

/* Begin PBXFileReference section */
		47EC4D8D2A2CD4C3003F8CFD /* EmoRecApp.app */ = {isa = PBXFileReference; explicitFileType = wrapper.application; includeInIndex = 0; path = EmoRecApp.app; sourceTree = BUILT_PRODUCTS_DIR; };
		47EC4D902A2CD4C3003F8CFD /* EmoRecAppApp.swift */ = {isa = PBXFileReference; lastKnownFileType = sourcecode.swift; path = EmoRecAppApp.swift; sourceTree = "<group>"; };
		47EC4D922A2CD4C3003F8CFD /* ContentView.swift */ = {isa = PBXFileReference; lastKnownFileType = sourcecode.swift; path = ContentView.swift; sourceTree = "<group>"; };
		47EC4D942A2CD4C4003F8CFD /* Assets.xcassets */ = {isa = PBXFileReference; lastKnownFileType = folder.assetcatalog; path = Assets.xcassets; sourceTree = "<group>"; };
		47EC4D972A2CD4C4003F8CFD /* Preview Assets.xcassets */ = {isa = PBXFileReference; lastKnownFileType = folder.assetcatalog; path = "Preview Assets.xcassets"; sourceTree = "<group>"; };
		47EC4D9E2A2CD4E5003F8CFD /* DetectView.swift */ = {isa = PBXFileReference; lastKnownFileType = sourcecode.swift; path = DetectView.swift; sourceTree = "<group>"; };
		47EC4DA02A2CD4F3003F8CFD /* Utils.swift */ = {isa = PBXFileReference; lastKnownFileType = sourcecode.swift; path = Utils.swift; sourceTree = "<group>"; };
		47EC4DA22A2CD506003F8CFD /* PracticeView.swift */ = {isa = PBXFileReference; lastKnownFileType = sourcecode.swift; path = PracticeView.swift; sourceTree = "<group>"; };
		47EC4DA42A2CD513003F8CFD /* SettingsView.swift */ = {isa = PBXFileReference; lastKnownFileType = sourcecode.swift; path = SettingsView.swift; sourceTree = "<group>"; };
/* End PBXFileReference section */

/* Begin PBXFrameworksBuildPhase section */
		47EC4D8A2A2CD4C3003F8CFD /* Frameworks */ = {
			isa = PBXFrameworksBuildPhase;
			buildActionMask = 2147483647;
			files = (
			);
			runOnlyForDeploymentPostprocessing = 0;
		};
/* End PBXFrameworksBuildPhase section */

/* Begin PBXGroup section */
		47EC4D842A2CD4C3003F8CFD = {
			isa = PBXGroup;
			children = (
				47EC4D8F2A2CD4C3003F8CFD /* EmoRecApp */,
				47EC4D8E2A2CD4C3003F8CFD /* Products */,
			);
			sourceTree = "<group>";
		};
		47EC4D8E2A2CD4C3003F8CFD /* Products */ = {
			isa = PBXGroup;
			children = (
				47EC4D8D2A2CD4C3003F8CFD /* EmoRecApp.app */,
			);
			name = Products;
			sourceTree = "<group>";
		};
		47EC4D8F2A2CD4C3003F8CFD /* EmoRecApp */ = {
			isa = PBXGroup;
			children = (
				47EC4D902A2CD4C3003F8CFD /* EmoRecAppApp.swift */,
				47EC4D922A2CD4C3003F8CFD /* ContentView.swift */,
				47EC4D9E2A2CD4E5003F8CFD /* DetectView.swift */,
				47EC4DA02A2CD4F3003F8CFD /* Utils.swift */,
				47EC4DA22A2CD506003F8CFD /* PracticeView.swift */,
				47EC4DA42A2CD513003F8CFD /* SettingsView.swift */,
				47EC4D942A2CD4C4003F8CFD /* Assets.xcassets */,
				47EC4D962A2CD4C4003F8CFD /* Preview Content */,
			);
			path = EmoRecApp;
			sourceTree = "<group>";
		};
		47EC4D962A2CD4C4003F8CFD /* Preview Content */ = {
			isa = PBXGroup;
			children = (
				47EC4D972A2CD4C4003F8CFD /* Preview Assets.xcassets */,
			);
			path = "Preview Content";
			sourceTree = "<group>";
		};
/* End PBXGroup section */

/* Begin PBXNativeTarget section */
		47EC4D8C2A2CD4C3003F8CFD /* EmoRecApp */ = {
			isa = PBXNativeTarget;
			buildConfigurationList = 47EC4D9B2A2CD4C4003F8CFD /* Build configuration list for PBXNativeTarget "EmoRecApp" */;
			buildPhases = (
				47EC4D892A2CD4C3003F8CFD /* Sources */,
				47EC4D8A2A2CD4C3003F8CFD /* Frameworks */,
				47EC4D8B2A2CD4C3003F8CFD /* Resources */,
			);
			buildRules = (
			);
			dependencies = (
			);
			name = EmoRecApp;
			productName = EmoRecApp;
			productReference = 47EC4D8D2A2CD4C3003F8CFD /* EmoRecApp.app */;
			productType = "com.apple.product-type.application";
		};
/* End PBXNativeTarget section */

/* Begin PBXProject section */
		47EC4D852A2CD4C3003F8CFD /* Project object */ = {
			isa = PBXProject;
			attributes = {
				BuildIndependentTargetsInParallel = 1;
				LastSwiftUpdateCheck = 1320;
				LastUpgradeCheck = 1320;
				TargetAttributes = {
					47EC4D8C2A2CD4C3003F8CFD = {
						CreatedOnToolsVersion = 13.2.1;
					};
				};
			};
			buildConfigurationList = 47EC4D882A2CD4C3003F8CFD /* Build configuration list for PBXProject "EmoRecApp" */;
			compatibilityVersion = "Xcode 13.0";
			developmentRegion = en;
			hasScannedForEncodings = 0;
			knownRegions = (
				en,
				Base,
			);
			mainGroup = 47EC4D842A2CD4C3003F8CFD;
			productRefGroup = 47EC4D8E2A2CD4C3003F8CFD /* Products */;
			projectDirPath = "";
			projectRoot = "";
			targets = (
				47EC4D8C2A2CD4C3003F8CFD /* EmoRecApp */,
			);
		};
/* End PBXProject section */

/* Begin PBXResourcesBuildPhase section */
		47EC4D8B2A2CD4C3003F8CFD /* Resources */ = {
			isa = PBXResourcesBuildPhase;
			buildActionMask = 2147483647;
			files = (
				47EC4D982A2CD4C4003F8CFD /* Preview Assets.xcassets in Resources */,
				47EC4D952A2CD4C4003F8CFD /* Assets.xcassets in Resources */,
			);
			runOnlyForDeploymentPostprocessing = 0;
		};
/* End PBXResourcesBuildPhase section */

/* Begin PBXSourcesBuildPhase section */
		47EC4D892A2CD4C3003F8CFD /* Sources */ = {
			isa = PBXSourcesBuildPhase;
			buildActionMask = 2147483647;
			files = (
				47EC4D9F2A2CD4E5003F8CFD /* DetectView.swift in Sources */,
				47EC4DA32A2CD506003F8CFD /* PracticeView.swift in Sources */,
				47EC4D932A2CD4C3003F8CFD /* ContentView.swift in Sources */,
				47EC4DA52A2CD513003F8CFD /* SettingsView.swift in Sources */,
				47EC4D912A2CD4C3003F8CFD /* EmoRecAppApp.swift in Sources */,
				47EC4DA12A2CD4F3003F8CFD /* Utils.swift in Sources */,
			);
			runOnlyForDeploymentPostprocessing = 0;
		};
/* End PBXSourcesBuildPhase section */

/* Begin XCBuildConfiguration section */
		47EC4D992A2CD4C4003F8CFD /* Debug */ = {
			isa = XCBuildConfiguration;
			buildSettings = {
				ALWAYS_SEARCH_USER_PATHS = NO;
				CLANG_ANALYZER_NONNULL = YES;
				CLANG_ANALYZER_NUMBER_OBJECT_CONVERSION = YES_AGGRESSIVE;
				CLANG_CXX_LANGUAGE_STANDARD = "gnu++17";
				CLANG_CXX_LIBRARY = "libc++";
				CLANG_ENABLE_MODULES = YES;
				CLANG_ENABLE_OBJC_ARC = YES;
				CLANG_ENABLE_OBJC_WEAK = YES;
				CLANG_WARN_BLOCK_CAPTURE_AUTORELEASING = YES;
				CLANG_WARN_BOOL_CONVERSION = YES;
				CLANG_WARN_COMMA = YES;
				CLANG_WARN_CONSTANT_CONVERSION = YES;
				CLANG_WARN_DEPRECATED_OBJC_IMPLEMENTATIONS = YES;
				CLANG_WARN_DIRECT_OBJC_ISA_USAGE = YES_ERROR;
				CLANG_WARN_DOCUMENTATION_COMMENTS = YES;
				CLANG_WARN_EMPTY_BODY = YES;
				CLANG_WARN_ENUM_CONVERSION = YES;
				CLANG_WARN_INFINITE_RECURSION = YES;
				CLANG_WARN_INT_CONVERSION = YES;
				CLANG_WARN_NON_LITERAL_NULL_CONVERSION = YES;
				CLANG_WARN_OBJC_IMPLICIT_RETAIN_SELF = YES;
				CLANG_WARN_OBJC_LITERAL_CONVERSION = YES;
				CLANG_WARN_OBJC_ROOT_CLASS = YES_ERROR;
				CLANG_WARN_QUOTED_INCLUDE_IN_FRAMEWORK_HEADER = YES;
				CLANG_WARN_RANGE_LOOP_ANALYSIS = YES;
				CLANG_WARN_STRICT_PROTOTYPES = YES;
				CLANG_WARN_SUSPICIOUS_MOVE = YES;
				CLANG_WARN_UNGUARDED_AVAILABILITY = YES_AGGRESSIVE;
				CLANG_WARN_UNREACHABLE_CODE = YES;
				CLANG_WARN__DUPLICATE_METHOD_MATCH = YES;
				COPY_PHASE_STRIP = NO;
				DEBUG_INFORMATION_FORMAT = dwarf;
				ENABLE_STRICT_OBJC_MSGSEND = YES;
				ENABLE_TESTABILITY = YES;
				GCC_C_LANGUAGE_STANDARD = gnu11;
				GCC_DYNAMIC_NO_PIC = NO;
				GCC_NO_COMMON_BLOCKS = YES;
				GCC_OPTIMIZATION_LEVEL = 0;
				GCC_PREPROCESSOR_DEFINITIONS = (
					"DEBUG=1",
					"$(inherited)",
				);
				GCC_WARN_64_TO_32_BIT_CONVERSION = YES;
				GCC_WARN_ABOUT_RETURN_TYPE = YES_ERROR;
				GCC_WARN_UNDECLARED_SELECTOR = YES;
				GCC_WARN_UNINITIALIZED_AUTOS = YES_AGGRESSIVE;
				GCC_WARN_UNUSED_FUNCTION = YES;
				GCC_WARN_UNUSED_VARIABLE = YES;
				IPHONEOS_DEPLOYMENT_TARGET = 15.2;
				MTL_ENABLE_DEBUG_INFO = INCLUDE_SOURCE;
				MTL_FAST_MATH = YES;
				ONLY_ACTIVE_ARCH = YES;
				SDKROOT = iphoneos;
				SWIFT_ACTIVE_COMPILATION_CONDITIONS = DEBUG;
				SWIFT_OPTIMIZATION_LEVEL = "-Onone";
			};
			name = Debug;
		};
		47EC4D9A2A2CD4C4003F8CFD /* Release */ = {
			isa = XCBuildConfiguration;
			buildSettings = {
				ALWAYS_SEARCH_USER_PATHS = NO;
				CLANG_ANALYZER_NONNULL = YES;
				CLANG_ANALYZER_NUMBER_OBJECT_CONVERSION = YES_AGGRESSIVE;
				CLANG_CXX_LANGUAGE_STANDARD = "gnu++17";
				CLANG_CXX_LIBRARY = "libc++";
				CLANG_ENABLE_MODULES = YES;
				CLANG_ENABLE_OBJC_ARC = YES;
				CLANG_ENABLE_OBJC_WEAK = YES;
				CLANG_WARN_BLOCK_CAPTURE_AUTORELEASING = YES;
				CLANG_WARN_BOOL_CONVERSION = YES;
				CLANG_WARN_COMMA = YES;
				CLANG_WARN_CONSTANT_CONVERSION = YES;
				CLANG_WARN_DEPRECATED_OBJC_IMPLEMENTATIONS = YES;
				CLANG_WARN_DIRECT_OBJC_ISA_USAGE = YES_ERROR;
				CLANG_WARN_DOCUMENTATION_COMMENTS = YES;
				CLANG_WARN_EMPTY_BODY = YES;
				CLANG_WARN_ENUM_CONVERSION = YES;
				CLANG_WARN_INFINITE_RECURSION = YES;
				CLANG_WARN_INT_CONVERSION = YES;
				CLANG_WARN_NON_LITERAL_NULL_CONVERSION = YES;
				CLANG_WARN_OBJC_IMPLICIT_RETAIN_SELF = YES;
				CLANG_WARN_OBJC_LITERAL_CONVERSION = YES;
				CLANG_WARN_OBJC_ROOT_CLASS = YES_ERROR;
				CLANG_WARN_QUOTED_INCLUDE_IN_FRAMEWORK_HEADER = YES;
				CLANG_WARN_RANGE_LOOP_ANALYSIS = YES;
				CLANG_WARN_STRICT_PROTOTYPES = YES;
				CLANG_WARN_SUSPICIOUS_MOVE = YES;
				CLANG_WARN_UNGUARDED_AVAILABILITY = YES_AGGRESSIVE;
				CLANG_WARN_UNREACHABLE_CODE = YES;
				CLANG_WARN__DUPLICATE_METHOD_MATCH = YES;
				COPY_PHASE_STRIP = NO;
				DEBUG_INFORMATION_FORMAT = "dwarf-with-dsym";
				ENABLE_NS_ASSERTIONS = NO;
				ENABLE_STRICT_OBJC_MSGSEND = YES;
				GCC_C_LANGUAGE_STANDARD = gnu11;
				GCC_NO_COMMON_BLOCKS = YES;
				GCC_WARN_64_TO_32_BIT_CONVERSION = YES;
				GCC_WARN_ABOUT_RETURN_TYPE = YES_ERROR;
				GCC_WARN_UNDECLARED_SELECTOR = YES;
				GCC_WARN_UNINITIALIZED_AUTOS = YES_AGGRESSIVE;
				GCC_WARN_UNUSED_FUNCTION = YES;
				GCC_WARN_UNUSED_VARIABLE = YES;
				IPHONEOS_DEPLOYMENT_TARGET = 15.2;
				MTL_ENABLE_DEBUG_INFO = NO;
				MTL_FAST_MATH = YES;
				SDKROOT = iphoneos;
				SWIFT_COMPILATION_MODE = wholemodule;
				SWIFT_OPTIMIZATION_LEVEL = "-O";
				VALIDATE_PRODUCT = YES;
			};
			name = Release;
		};
		47EC4D9C2A2CD4C4003F8CFD /* Debug */ = {
			isa = XCBuildConfiguration;
			buildSettings = {
				ASSETCATALOG_COMPILER_APPICON_NAME = AppIcon;
				ASSETCATALOG_COMPILER_GLOBAL_ACCENT_COLOR_NAME = AccentColor;
				CODE_SIGN_STYLE = Automatic;
				CURRENT_PROJECT_VERSION = 1;
				DEVELOPMENT_ASSET_PATHS = "\"EmoRecApp/Preview Content\"";
				ENABLE_PREVIEWS = YES;
				GENERATE_INFOPLIST_FILE = YES;
				INFOPLIST_KEY_UIApplicationSceneManifest_Generation = YES;
				INFOPLIST_KEY_UIApplicationSupportsIndirectInputEvents = YES;
				INFOPLIST_KEY_UILaunchScreen_Generation = YES;
				INFOPLIST_KEY_UISupportedInterfaceOrientations_iPad = "UIInterfaceOrientationPortrait UIInterfaceOrientationPortraitUpsideDown UIInterfaceOrientationLandscapeLeft UIInterfaceOrientationLandscapeRight";
				INFOPLIST_KEY_UISupportedInterfaceOrientations_iPhone = "UIInterfaceOrientationPortrait UIInterfaceOrientationLandscapeLeft UIInterfaceOrientationLandscapeRight";
				LD_RUNPATH_SEARCH_PATHS = (
					"$(inherited)",
					"@executable_path/Frameworks",
				);
				MARKETING_VERSION = 1.0;
				PRODUCT_BUNDLE_IDENTIFIER = com.cs231n.EmoRecApp;
				PRODUCT_NAME = "$(TARGET_NAME)";
				SWIFT_EMIT_LOC_STRINGS = YES;
				SWIFT_VERSION = 5.0;
				TARGETED_DEVICE_FAMILY = "1,2";
			};
			name = Debug;
		};
		47EC4D9D2A2CD4C4003F8CFD /* Release */ = {
			isa = XCBuildConfiguration;
			buildSettings = {
				ASSETCATALOG_COMPILER_APPICON_NAME = AppIcon;
				ASSETCATALOG_COMPILER_GLOBAL_ACCENT_COLOR_NAME = AccentColor;
				CODE_SIGN_STYLE = Automatic;
				CURRENT_PROJECT_VERSION = 1;
				DEVELOPMENT_ASSET_PATHS = "\"EmoRecApp/Preview Content\"";
				ENABLE_PREVIEWS = YES;
				GENERATE_INFOPLIST_FILE = YES;
				INFOPLIST_KEY_UIApplicationSceneManifest_Generation = YES;
				INFOPLIST_KEY_UIApplicationSupportsIndirectInputEvents = YES;
				INFOPLIST_KEY_UILaunchScreen_Generation = YES;
				INFOPLIST_KEY_UISupportedInterfaceOrientations_iPad = "UIInterfaceOrientationPortrait UIInterfaceOrientationPortraitUpsideDown UIInterfaceOrientationLandscapeLeft UIInterfaceOrientationLandscapeRight";
				INFOPLIST_KEY_UISupportedInterfaceOrientations_iPhone = "UIInterfaceOrientationPortrait UIInterfaceOrientationLandscapeLeft UIInterfaceOrientationLandscapeRight";
				LD_RUNPATH_SEARCH_PATHS = (
					"$(inherited)",
					"@executable_path/Frameworks",
				);
				MARKETING_VERSION = 1.0;
				PRODUCT_BUNDLE_IDENTIFIER = com.cs231n.EmoRecApp;
				PRODUCT_NAME = "$(TARGET_NAME)";
				SWIFT_EMIT_LOC_STRINGS = YES;
				SWIFT_VERSION = 5.0;
				TARGETED_DEVICE_FAMILY = "1,2";
			};
			name = Release;
		};
/* End XCBuildConfiguration section */

/* Begin XCConfigurationList section */
		47EC4D882A2CD4C3003F8CFD /* Build configuration list for PBXProject "EmoRecApp" */ = {
			isa = XCConfigurationList;
			buildConfigurations = (
				47EC4D992A2CD4C4003F8CFD /* Debug */,
				47EC4D9A2A2CD4C4003F8CFD /* Release */,
			);
			defaultConfigurationIsVisible = 0;
			defaultConfigurationName = Release;
		};
		47EC4D9B2A2CD4C4003F8CFD /* Build configuration list for PBXNativeTarget "EmoRecApp" */ = {
			isa = XCConfigurationList;
			buildConfigurations = (
				47EC4D9C2A2CD4C4003F8CFD /* Debug */,
				47EC4D9D2A2CD4C4003F8CFD /* Release */,
			);
			defaultConfigurationIsVisible = 0;
			defaultConfigurationName = Release;
		};
/* End XCConfigurationList section */
	};
	rootObject = 47EC4D852A2CD4C3003F8CFD /* Project object */;
}
